// !$*UTF8*$!
{
	archiveVersion = 1;
	classes = {
	};
	objectVersion = 46;
	objects = {

/* Begin PBXBuildFile section */
		4F9F6E57EFE49E395B777A9E /* libPods-HappyLearn.a in Frameworks */ = {isa = PBXBuildFile; fileRef = 23A81569C07B62B0D4E7A46A /* libPods-HappyLearn.a */; };
		DD974B041B9A7D6E0028E225 /* main.m in Sources */ = {isa = PBXBuildFile; fileRef = DD974B031B9A7D6E0028E225 /* main.m */; };
		DD974B071B9A7D6E0028E225 /* AppDelegate.m in Sources */ = {isa = PBXBuildFile; fileRef = DD974B061B9A7D6E0028E225 /* AppDelegate.m */; };
		DD974B0D1B9A7D6E0028E225 /* Main.storyboard in Resources */ = {isa = PBXBuildFile; fileRef = DD974B0B1B9A7D6E0028E225 /* Main.storyboard */; };
		DD974B0F1B9A7D6E0028E225 /* Images.xcassets in Resources */ = {isa = PBXBuildFile; fileRef = DD974B0E1B9A7D6E0028E225 /* Images.xcassets */; };
		DD974B121B9A7D6E0028E225 /* LaunchScreen.xib in Resources */ = {isa = PBXBuildFile; fileRef = DD974B101B9A7D6E0028E225 /* LaunchScreen.xib */; };
		DD974B1E1B9A7D6E0028E225 /* HappyLearnTests.m in Sources */ = {isa = PBXBuildFile; fileRef = DD974B1D1B9A7D6E0028E225 /* HappyLearnTests.m */; };
		DD974B2B1B9A81710028E225 /* LPBannerView.m in Sources */ = {isa = PBXBuildFile; fileRef = DD974B291B9A81710028E225 /* LPBannerView.m */; };
		DD974B2C1B9A81710028E225 /* LPBannerView.xib in Resources */ = {isa = PBXBuildFile; fileRef = DD974B2A1B9A81710028E225 /* LPBannerView.xib */; };
		DD974B361B9A8B040028E225 /* HLNetworkingManager.m in Sources */ = {isa = PBXBuildFile; fileRef = DD974B351B9A8B040028E225 /* HLNetworkingManager.m */; };
		DD974B3D1B9A8BCF0028E225 /* UIColor+CustomColors.m in Sources */ = {isa = PBXBuildFile; fileRef = DD974B3A1B9A8BCF0028E225 /* UIColor+CustomColors.m */; };
		DD974B3E1B9A8BCF0028E225 /* UIView+LoadNib.m in Sources */ = {isa = PBXBuildFile; fileRef = DD974B3C1B9A8BCF0028E225 /* UIView+LoadNib.m */; };
		DD974B431B9A91A70028E225 /* Parse.framework in Frameworks */ = {isa = PBXBuildFile; fileRef = DD974B421B9A91A70028E225 /* Parse.framework */; };
		DD974B451B9A91F00028E225 /* AudioToolbox.framework in Frameworks */ = {isa = PBXBuildFile; fileRef = DD974B441B9A91F00028E225 /* AudioToolbox.framework */; };
		DD974B471B9A91FB0028E225 /* CFNetwork.framework in Frameworks */ = {isa = PBXBuildFile; fileRef = DD974B461B9A91FB0028E225 /* CFNetwork.framework */; };
		DD974B491B9A92050028E225 /* CoreGraphics.framework in Frameworks */ = {isa = PBXBuildFile; fileRef = DD974B481B9A92050028E225 /* CoreGraphics.framework */; };
		DD974B4B1B9A92140028E225 /* CoreLocation.framework in Frameworks */ = {isa = PBXBuildFile; fileRef = DD974B4A1B9A92140028E225 /* CoreLocation.framework */; };
		DD974B4D1B9A921C0028E225 /* QuartzCore.framework in Frameworks */ = {isa = PBXBuildFile; fileRef = DD974B4C1B9A921C0028E225 /* QuartzCore.framework */; };
		DD974B4F1B9A92260028E225 /* Security.framework in Frameworks */ = {isa = PBXBuildFile; fileRef = DD974B4E1B9A92260028E225 /* Security.framework */; };
		DD974B511B9A92320028E225 /* StoreKit.framework in Frameworks */ = {isa = PBXBuildFile; fileRef = DD974B501B9A92320028E225 /* StoreKit.framework */; };
		DD974B531B9A923C0028E225 /* SystemConfiguration.framework in Frameworks */ = {isa = PBXBuildFile; fileRef = DD974B521B9A923C0028E225 /* SystemConfiguration.framework */; };
		DD974B551B9A924A0028E225 /* libz.dylib in Frameworks */ = {isa = PBXBuildFile; fileRef = DD974B541B9A924A0028E225 /* libz.dylib */; };
		DD974B571B9A92560028E225 /* libsqlite3.dylib in Frameworks */ = {isa = PBXBuildFile; fileRef = DD974B561B9A92560028E225 /* libsqlite3.dylib */; };
		DD974B591B9A92E30028E225 /* Bolts.framework in Frameworks */ = {isa = PBXBuildFile; fileRef = DD974B581B9A92E30028E225 /* Bolts.framework */; };
		DD974B601B9AAB750028E225 /* HLChannelTableViewController.m in Sources */ = {isa = PBXBuildFile; fileRef = DD974B5F1B9AAB750028E225 /* HLChannelTableViewController.m */; };
		DD974B6B1B9AB6C30028E225 /* ParsingHandle.m in Sources */ = {isa = PBXBuildFile; fileRef = DD974B6A1B9AB6C30028E225 /* ParsingHandle.m */; };
		DD974B6F1B9AC3FD0028E225 /* Channel.m in Sources */ = {isa = PBXBuildFile; fileRef = DD974B6E1B9AC3FD0028E225 /* Channel.m */; };
		DD974B711B9ACBDC0028E225 /* ParseUI.framework in Frameworks */ = {isa = PBXBuildFile; fileRef = DD974B701B9ACBDC0028E225 /* ParseUI.framework */; };
		DD974B771B9ACD760028E225 /* SCLoginViewController.m in Sources */ = {isa = PBXBuildFile; fileRef = DD974B741B9ACD760028E225 /* SCLoginViewController.m */; };
		DD974B781B9ACD760028E225 /* SCSignUpViewController.m in Sources */ = {isa = PBXBuildFile; fileRef = DD974B761B9ACD760028E225 /* SCSignUpViewController.m */; };
		DD974B7C1B9B208B0028E225 /* HLChallengeListTableViewController.m in Sources */ = {isa = PBXBuildFile; fileRef = DD974B7B1B9B208B0028E225 /* HLChallengeListTableViewController.m */; };
		DD974B801B9B20CD0028E225 /* HLChallengeTableViewCell.m in Sources */ = {isa = PBXBuildFile; fileRef = DD974B7F1B9B20CD0028E225 /* HLChallengeTableViewCell.m */; };
		DD974B831B9B2EC60028E225 /* Challenge.m in Sources */ = {isa = PBXBuildFile; fileRef = DD974B821B9B2EC60028E225 /* Challenge.m */; };
		DD974B8A1B9B592E0028E225 /* HLChannelTableViewCell.m in Sources */ = {isa = PBXBuildFile; fileRef = DD974B891B9B592E0028E225 /* HLChannelTableViewCell.m */; };
		DD974B8D1B9B5E1C0028E225 /* YXGenericTableViewController.m in Sources */ = {isa = PBXBuildFile; fileRef = DD974B8C1B9B5E1C0028E225 /* YXGenericTableViewController.m */; };
		DD974B901B9B64D90028E225 /* UITableViewController+Additions.m in Sources */ = {isa = PBXBuildFile; fileRef = DD974B8F1B9B64D90028E225 /* UITableViewController+Additions.m */; };
		DD974B931B9B65250028E225 /* UIFont+LPAdditions.m in Sources */ = {isa = PBXBuildFile; fileRef = DD974B921B9B65250028E225 /* UIFont+LPAdditions.m */; };
/* End PBXBuildFile section */

/* Begin PBXContainerItemProxy section */
		DD974B181B9A7D6E0028E225 /* PBXContainerItemProxy */ = {
			isa = PBXContainerItemProxy;
			containerPortal = DD974AF61B9A7D6E0028E225 /* Project object */;
			proxyType = 1;
			remoteGlobalIDString = DD974AFD1B9A7D6E0028E225;
			remoteInfo = HappyLearn;
		};
/* End PBXContainerItemProxy section */

/* Begin PBXFileReference section */
		11D098C8E6003DE060A1358F /* Pods-HappyLearn.release.xcconfig */ = {isa = PBXFileReference; includeInIndex = 1; lastKnownFileType = text.xcconfig; name = "Pods-HappyLearn.release.xcconfig"; path = "Pods/Target Support Files/Pods-HappyLearn/Pods-HappyLearn.release.xcconfig"; sourceTree = "<group>"; };
		21C998057B4BE6BE221F15C4 /* Pods-HappyLearn.debug.xcconfig */ = {isa = PBXFileReference; includeInIndex = 1; lastKnownFileType = text.xcconfig; name = "Pods-HappyLearn.debug.xcconfig"; path = "Pods/Target Support Files/Pods-HappyLearn/Pods-HappyLearn.debug.xcconfig"; sourceTree = "<group>"; };
		23A81569C07B62B0D4E7A46A /* libPods-HappyLearn.a */ = {isa = PBXFileReference; explicitFileType = archive.ar; includeInIndex = 0; path = "libPods-HappyLearn.a"; sourceTree = BUILT_PRODUCTS_DIR; };
		DD974AFE1B9A7D6E0028E225 /* HappyLearn.app */ = {isa = PBXFileReference; explicitFileType = wrapper.application; includeInIndex = 0; path = HappyLearn.app; sourceTree = BUILT_PRODUCTS_DIR; };
		DD974B021B9A7D6E0028E225 /* Info.plist */ = {isa = PBXFileReference; lastKnownFileType = text.plist.xml; path = Info.plist; sourceTree = "<group>"; };
		DD974B031B9A7D6E0028E225 /* main.m */ = {isa = PBXFileReference; lastKnownFileType = sourcecode.c.objc; path = main.m; sourceTree = "<group>"; };
		DD974B051B9A7D6E0028E225 /* AppDelegate.h */ = {isa = PBXFileReference; lastKnownFileType = sourcecode.c.h; path = AppDelegate.h; sourceTree = "<group>"; };
		DD974B061B9A7D6E0028E225 /* AppDelegate.m */ = {isa = PBXFileReference; lastKnownFileType = sourcecode.c.objc; path = AppDelegate.m; sourceTree = "<group>"; };
		DD974B0C1B9A7D6E0028E225 /* Base */ = {isa = PBXFileReference; lastKnownFileType = file.storyboard; name = Base; path = Base.lproj/Main.storyboard; sourceTree = "<group>"; };
		DD974B0E1B9A7D6E0028E225 /* Images.xcassets */ = {isa = PBXFileReference; lastKnownFileType = folder.assetcatalog; path = Images.xcassets; sourceTree = "<group>"; };
		DD974B111B9A7D6E0028E225 /* Base */ = {isa = PBXFileReference; lastKnownFileType = file.xib; name = Base; path = Base.lproj/LaunchScreen.xib; sourceTree = "<group>"; };
		DD974B171B9A7D6E0028E225 /* HappyLearnTests.xctest */ = {isa = PBXFileReference; explicitFileType = wrapper.cfbundle; includeInIndex = 0; path = HappyLearnTests.xctest; sourceTree = BUILT_PRODUCTS_DIR; };
		DD974B1C1B9A7D6E0028E225 /* Info.plist */ = {isa = PBXFileReference; lastKnownFileType = text.plist.xml; path = Info.plist; sourceTree = "<group>"; };
		DD974B1D1B9A7D6E0028E225 /* HappyLearnTests.m */ = {isa = PBXFileReference; lastKnownFileType = sourcecode.c.objc; path = HappyLearnTests.m; sourceTree = "<group>"; };
		DD974B281B9A81710028E225 /* LPBannerView.h */ = {isa = PBXFileReference; fileEncoding = 4; lastKnownFileType = sourcecode.c.h; path = LPBannerView.h; sourceTree = "<group>"; };
		DD974B291B9A81710028E225 /* LPBannerView.m */ = {isa = PBXFileReference; fileEncoding = 4; lastKnownFileType = sourcecode.c.objc; path = LPBannerView.m; sourceTree = "<group>"; };
		DD974B2A1B9A81710028E225 /* LPBannerView.xib */ = {isa = PBXFileReference; fileEncoding = 4; lastKnownFileType = file.xib; path = LPBannerView.xib; sourceTree = "<group>"; };
		DD974B341B9A8B040028E225 /* HLNetworkingManager.h */ = {isa = PBXFileReference; fileEncoding = 4; lastKnownFileType = sourcecode.c.h; path = HLNetworkingManager.h; sourceTree = "<group>"; };
		DD974B351B9A8B040028E225 /* HLNetworkingManager.m */ = {isa = PBXFileReference; fileEncoding = 4; lastKnownFileType = sourcecode.c.objc; path = HLNetworkingManager.m; sourceTree = "<group>"; };
		DD974B391B9A8BCF0028E225 /* UIColor+CustomColors.h */ = {isa = PBXFileReference; fileEncoding = 4; lastKnownFileType = sourcecode.c.h; path = "UIColor+CustomColors.h"; sourceTree = "<group>"; };
		DD974B3A1B9A8BCF0028E225 /* UIColor+CustomColors.m */ = {isa = PBXFileReference; fileEncoding = 4; lastKnownFileType = sourcecode.c.objc; path = "UIColor+CustomColors.m"; sourceTree = "<group>"; };
		DD974B3B1B9A8BCF0028E225 /* UIView+LoadNib.h */ = {isa = PBXFileReference; fileEncoding = 4; lastKnownFileType = sourcecode.c.h; path = "UIView+LoadNib.h"; sourceTree = "<group>"; };
		DD974B3C1B9A8BCF0028E225 /* UIView+LoadNib.m */ = {isa = PBXFileReference; fileEncoding = 4; lastKnownFileType = sourcecode.c.objc; path = "UIView+LoadNib.m"; sourceTree = "<group>"; };
		DD974B3F1B9A8C580028E225 /* HLConstants.h */ = {isa = PBXFileReference; fileEncoding = 4; lastKnownFileType = sourcecode.c.h; name = HLConstants.h; path = ../HLConstants.h; sourceTree = "<group>"; };
		DD974B401B9A8DC80028E225 /* HLPrefixHeader.pch */ = {isa = PBXFileReference; fileEncoding = 4; lastKnownFileType = sourcecode.c.h; path = HLPrefixHeader.pch; sourceTree = "<group>"; };
		DD974B421B9A91A70028E225 /* Parse.framework */ = {isa = PBXFileReference; lastKnownFileType = wrapper.framework; path = Parse.framework; sourceTree = "<group>"; };
		DD974B441B9A91F00028E225 /* AudioToolbox.framework */ = {isa = PBXFileReference; lastKnownFileType = wrapper.framework; name = AudioToolbox.framework; path = System/Library/Frameworks/AudioToolbox.framework; sourceTree = SDKROOT; };
		DD974B461B9A91FB0028E225 /* CFNetwork.framework */ = {isa = PBXFileReference; lastKnownFileType = wrapper.framework; name = CFNetwork.framework; path = System/Library/Frameworks/CFNetwork.framework; sourceTree = SDKROOT; };
		DD974B481B9A92050028E225 /* CoreGraphics.framework */ = {isa = PBXFileReference; lastKnownFileType = wrapper.framework; name = CoreGraphics.framework; path = System/Library/Frameworks/CoreGraphics.framework; sourceTree = SDKROOT; };
		DD974B4A1B9A92140028E225 /* CoreLocation.framework */ = {isa = PBXFileReference; lastKnownFileType = wrapper.framework; name = CoreLocation.framework; path = System/Library/Frameworks/CoreLocation.framework; sourceTree = SDKROOT; };
		DD974B4C1B9A921C0028E225 /* QuartzCore.framework */ = {isa = PBXFileReference; lastKnownFileType = wrapper.framework; name = QuartzCore.framework; path = System/Library/Frameworks/QuartzCore.framework; sourceTree = SDKROOT; };
		DD974B4E1B9A92260028E225 /* Security.framework */ = {isa = PBXFileReference; lastKnownFileType = wrapper.framework; name = Security.framework; path = System/Library/Frameworks/Security.framework; sourceTree = SDKROOT; };
		DD974B501B9A92320028E225 /* StoreKit.framework */ = {isa = PBXFileReference; lastKnownFileType = wrapper.framework; name = StoreKit.framework; path = System/Library/Frameworks/StoreKit.framework; sourceTree = SDKROOT; };
		DD974B521B9A923C0028E225 /* SystemConfiguration.framework */ = {isa = PBXFileReference; lastKnownFileType = wrapper.framework; name = SystemConfiguration.framework; path = System/Library/Frameworks/SystemConfiguration.framework; sourceTree = SDKROOT; };
		DD974B541B9A924A0028E225 /* libz.dylib */ = {isa = PBXFileReference; lastKnownFileType = "compiled.mach-o.dylib"; name = libz.dylib; path = usr/lib/libz.dylib; sourceTree = SDKROOT; };
		DD974B561B9A92560028E225 /* libsqlite3.dylib */ = {isa = PBXFileReference; lastKnownFileType = "compiled.mach-o.dylib"; name = libsqlite3.dylib; path = usr/lib/libsqlite3.dylib; sourceTree = SDKROOT; };
		DD974B581B9A92E30028E225 /* Bolts.framework */ = {isa = PBXFileReference; lastKnownFileType = wrapper.framework; path = Bolts.framework; sourceTree = "<group>"; };
		DD974B5E1B9AAB750028E225 /* HLChannelTableViewController.h */ = {isa = PBXFileReference; fileEncoding = 4; lastKnownFileType = sourcecode.c.h; path = HLChannelTableViewController.h; sourceTree = "<group>"; };
		DD974B5F1B9AAB750028E225 /* HLChannelTableViewController.m */ = {isa = PBXFileReference; fileEncoding = 4; lastKnownFileType = sourcecode.c.objc; path = HLChannelTableViewController.m; sourceTree = "<group>"; };
		DD974B691B9AB6C30028E225 /* ParsingHandle.h */ = {isa = PBXFileReference; fileEncoding = 4; lastKnownFileType = sourcecode.c.h; path = ParsingHandle.h; sourceTree = "<group>"; };
		DD974B6A1B9AB6C30028E225 /* ParsingHandle.m */ = {isa = PBXFileReference; fileEncoding = 4; lastKnownFileType = sourcecode.c.objc; path = ParsingHandle.m; sourceTree = "<group>"; };
		DD974B6D1B9AC3FD0028E225 /* Channel.h */ = {isa = PBXFileReference; fileEncoding = 4; lastKnownFileType = sourcecode.c.h; path = Channel.h; sourceTree = "<group>"; };
		DD974B6E1B9AC3FD0028E225 /* Channel.m */ = {isa = PBXFileReference; fileEncoding = 4; lastKnownFileType = sourcecode.c.objc; path = Channel.m; sourceTree = "<group>"; };
		DD974B701B9ACBDC0028E225 /* ParseUI.framework */ = {isa = PBXFileReference; lastKnownFileType = wrapper.framework; path = ParseUI.framework; sourceTree = "<group>"; };
		DD974B731B9ACD760028E225 /* SCLoginViewController.h */ = {isa = PBXFileReference; fileEncoding = 4; lastKnownFileType = sourcecode.c.h; path = SCLoginViewController.h; sourceTree = "<group>"; };
		DD974B741B9ACD760028E225 /* SCLoginViewController.m */ = {isa = PBXFileReference; fileEncoding = 4; lastKnownFileType = sourcecode.c.objc; path = SCLoginViewController.m; sourceTree = "<group>"; };
		DD974B751B9ACD760028E225 /* SCSignUpViewController.h */ = {isa = PBXFileReference; fileEncoding = 4; lastKnownFileType = sourcecode.c.h; path = SCSignUpViewController.h; sourceTree = "<group>"; };
		DD974B761B9ACD760028E225 /* SCSignUpViewController.m */ = {isa = PBXFileReference; fileEncoding = 4; lastKnownFileType = sourcecode.c.objc; path = SCSignUpViewController.m; sourceTree = "<group>"; };
		DD974B7A1B9B208B0028E225 /* HLChallengeListTableViewController.h */ = {isa = PBXFileReference; fileEncoding = 4; lastKnownFileType = sourcecode.c.h; path = HLChallengeListTableViewController.h; sourceTree = "<group>"; };
		DD974B7B1B9B208B0028E225 /* HLChallengeListTableViewController.m */ = {isa = PBXFileReference; fileEncoding = 4; lastKnownFileType = sourcecode.c.objc; path = HLChallengeListTableViewController.m; sourceTree = "<group>"; };
		DD974B7E1B9B20CD0028E225 /* HLChallengeTableViewCell.h */ = {isa = PBXFileReference; fileEncoding = 4; lastKnownFileType = sourcecode.c.h; path = HLChallengeTableViewCell.h; sourceTree = "<group>"; };
		DD974B7F1B9B20CD0028E225 /* HLChallengeTableViewCell.m */ = {isa = PBXFileReference; fileEncoding = 4; lastKnownFileType = sourcecode.c.objc; path = HLChallengeTableViewCell.m; sourceTree = "<group>"; };
		DD974B811B9B2EC60028E225 /* Challenge.h */ = {isa = PBXFileReference; fileEncoding = 4; lastKnownFileType = sourcecode.c.h; path = Challenge.h; sourceTree = "<group>"; };
		DD974B821B9B2EC60028E225 /* Challenge.m */ = {isa = PBXFileReference; fileEncoding = 4; lastKnownFileType = sourcecode.c.objc; path = Challenge.m; sourceTree = "<group>"; };
		DD974B881B9B592E0028E225 /* HLChannelTableViewCell.h */ = {isa = PBXFileReference; fileEncoding = 4; lastKnownFileType = sourcecode.c.h; path = HLChannelTableViewCell.h; sourceTree = "<group>"; };
		DD974B891B9B592E0028E225 /* HLChannelTableViewCell.m */ = {isa = PBXFileReference; fileEncoding = 4; lastKnownFileType = sourcecode.c.objc; path = HLChannelTableViewCell.m; sourceTree = "<group>"; };
		DD974B8B1B9B5E1C0028E225 /* YXGenericTableViewController.h */ = {isa = PBXFileReference; fileEncoding = 4; lastKnownFileType = sourcecode.c.h; path = YXGenericTableViewController.h; sourceTree = "<group>"; };
		DD974B8C1B9B5E1C0028E225 /* YXGenericTableViewController.m */ = {isa = PBXFileReference; fileEncoding = 4; lastKnownFileType = sourcecode.c.objc; path = YXGenericTableViewController.m; sourceTree = "<group>"; };
		DD974B8E1B9B64D90028E225 /* UITableViewController+Additions.h */ = {isa = PBXFileReference; fileEncoding = 4; lastKnownFileType = sourcecode.c.h; path = "UITableViewController+Additions.h"; sourceTree = "<group>"; };
		DD974B8F1B9B64D90028E225 /* UITableViewController+Additions.m */ = {isa = PBXFileReference; fileEncoding = 4; lastKnownFileType = sourcecode.c.objc; path = "UITableViewController+Additions.m"; sourceTree = "<group>"; };
		DD974B911B9B65250028E225 /* UIFont+LPAdditions.h */ = {isa = PBXFileReference; fileEncoding = 4; lastKnownFileType = sourcecode.c.h; path = "UIFont+LPAdditions.h"; sourceTree = "<group>"; };
		DD974B921B9B65250028E225 /* UIFont+LPAdditions.m */ = {isa = PBXFileReference; fileEncoding = 4; lastKnownFileType = sourcecode.c.objc; path = "UIFont+LPAdditions.m"; sourceTree = "<group>"; };
/* End PBXFileReference section */

/* Begin PBXFrameworksBuildPhase section */
		DD974AFB1B9A7D6E0028E225 /* Frameworks */ = {
			isa = PBXFrameworksBuildPhase;
			buildActionMask = 2147483647;
			files = (
				DD974B571B9A92560028E225 /* libsqlite3.dylib in Frameworks */,
				DD974B551B9A924A0028E225 /* libz.dylib in Frameworks */,
				DD974B711B9ACBDC0028E225 /* ParseUI.framework in Frameworks */,
				DD974B531B9A923C0028E225 /* SystemConfiguration.framework in Frameworks */,
				DD974B511B9A92320028E225 /* StoreKit.framework in Frameworks */,
				DD974B4F1B9A92260028E225 /* Security.framework in Frameworks */,
				DD974B4D1B9A921C0028E225 /* QuartzCore.framework in Frameworks */,
				DD974B4B1B9A92140028E225 /* CoreLocation.framework in Frameworks */,
				DD974B591B9A92E30028E225 /* Bolts.framework in Frameworks */,
				DD974B491B9A92050028E225 /* CoreGraphics.framework in Frameworks */,
				DD974B471B9A91FB0028E225 /* CFNetwork.framework in Frameworks */,
				DD974B451B9A91F00028E225 /* AudioToolbox.framework in Frameworks */,
				DD974B431B9A91A70028E225 /* Parse.framework in Frameworks */,
				4F9F6E57EFE49E395B777A9E /* libPods-HappyLearn.a in Frameworks */,
			);
			runOnlyForDeploymentPostprocessing = 0;
		};
		DD974B141B9A7D6E0028E225 /* Frameworks */ = {
			isa = PBXFrameworksBuildPhase;
			buildActionMask = 2147483647;
			files = (
			);
			runOnlyForDeploymentPostprocessing = 0;
		};
/* End PBXFrameworksBuildPhase section */

/* Begin PBXGroup section */
		3D50BEB9ED0849958C74459D /* Pods */ = {
			isa = PBXGroup;
			children = (
				21C998057B4BE6BE221F15C4 /* Pods-HappyLearn.debug.xcconfig */,
				11D098C8E6003DE060A1358F /* Pods-HappyLearn.release.xcconfig */,
			);
			name = Pods;
			sourceTree = "<group>";
		};
		6F1930157A93C02C559A0107 /* Frameworks */ = {
			isa = PBXGroup;
			children = (
				DD974B561B9A92560028E225 /* libsqlite3.dylib */,
				DD974B541B9A924A0028E225 /* libz.dylib */,
				DD974B521B9A923C0028E225 /* SystemConfiguration.framework */,
				DD974B501B9A92320028E225 /* StoreKit.framework */,
				DD974B4E1B9A92260028E225 /* Security.framework */,
				DD974B4C1B9A921C0028E225 /* QuartzCore.framework */,
				DD974B4A1B9A92140028E225 /* CoreLocation.framework */,
				DD974B481B9A92050028E225 /* CoreGraphics.framework */,
				DD974B461B9A91FB0028E225 /* CFNetwork.framework */,
				DD974B441B9A91F00028E225 /* AudioToolbox.framework */,
				23A81569C07B62B0D4E7A46A /* libPods-HappyLearn.a */,
			);
			name = Frameworks;
			sourceTree = "<group>";
		};
		DD974AF51B9A7D6E0028E225 = {
			isa = PBXGroup;
			children = (
				DD974B001B9A7D6E0028E225 /* HappyLearn */,
				DD974B1A1B9A7D6E0028E225 /* HappyLearnTests */,
				DD974AFF1B9A7D6E0028E225 /* Products */,
				3D50BEB9ED0849958C74459D /* Pods */,
				6F1930157A93C02C559A0107 /* Frameworks */,
			);
			sourceTree = "<group>";
		};
		DD974AFF1B9A7D6E0028E225 /* Products */ = {
			isa = PBXGroup;
			children = (
				DD974AFE1B9A7D6E0028E225 /* HappyLearn.app */,
				DD974B171B9A7D6E0028E225 /* HappyLearnTests.xctest */,
			);
			name = Products;
			sourceTree = "<group>";
		};
		DD974B001B9A7D6E0028E225 /* HappyLearn */ = {
			isa = PBXGroup;
			children = (
				DD974B3F1B9A8C580028E225 /* HLConstants.h */,
				DD974B401B9A8DC80028E225 /* HLPrefixHeader.pch */,
				DD974B6C1B9AC3E00028E225 /* Models */,
				DD974B411B9A91930028E225 /* frameworks */,
				DD974B381B9A8BC50028E225 /* Categories */,
				DD974B331B9A8B040028E225 /* Networking Manager */,
				DD974B681B9AB68C0028E225 /* Parse Cloud */,
				DD974B271B9A81710028E225 /* Banner */,
				DD974B0B1B9A7D6E0028E225 /* Main.storyboard */,
				DD974B721B9ACD760028E225 /* Login & Signup */,
				DD974B5D1B9AAB3C0028E225 /* Main Channel */,
				DD974B791B9B1D0A0028E225 /* Challenges */,
				DD974B0E1B9A7D6E0028E225 /* Images.xcassets */,
				DD974B101B9A7D6E0028E225 /* LaunchScreen.xib */,
				DD974B011B9A7D6E0028E225 /* Supporting Files */,
			);
			path = HappyLearn;
			sourceTree = "<group>";
		};
		DD974B011B9A7D6E0028E225 /* Supporting Files */ = {
			isa = PBXGroup;
			children = (
				DD974B051B9A7D6E0028E225 /* AppDelegate.h */,
				DD974B061B9A7D6E0028E225 /* AppDelegate.m */,
				DD974B021B9A7D6E0028E225 /* Info.plist */,
				DD974B031B9A7D6E0028E225 /* main.m */,
			);
			name = "Supporting Files";
			sourceTree = "<group>";
		};
		DD974B1A1B9A7D6E0028E225 /* HappyLearnTests */ = {
			isa = PBXGroup;
			children = (
				DD974B1D1B9A7D6E0028E225 /* HappyLearnTests.m */,
				DD974B1B1B9A7D6E0028E225 /* Supporting Files */,
			);
			path = HappyLearnTests;
			sourceTree = "<group>";
		};
		DD974B1B1B9A7D6E0028E225 /* Supporting Files */ = {
			isa = PBXGroup;
			children = (
				DD974B1C1B9A7D6E0028E225 /* Info.plist */,
			);
			name = "Supporting Files";
			sourceTree = "<group>";
		};
		DD974B271B9A81710028E225 /* Banner */ = {
			isa = PBXGroup;
			children = (
				DD974B281B9A81710028E225 /* LPBannerView.h */,
				DD974B291B9A81710028E225 /* LPBannerView.m */,
				DD974B2A1B9A81710028E225 /* LPBannerView.xib */,
			);
			path = Banner;
			sourceTree = "<group>";
		};
		DD974B331B9A8B040028E225 /* Networking Manager */ = {
			isa = PBXGroup;
			children = (
				DD974B341B9A8B040028E225 /* HLNetworkingManager.h */,
				DD974B351B9A8B040028E225 /* HLNetworkingManager.m */,
			);
			path = "Networking Manager";
			sourceTree = "<group>";
		};
		DD974B381B9A8BC50028E225 /* Categories */ = {
			isa = PBXGroup;
			children = (
				DD974B391B9A8BCF0028E225 /* UIColor+CustomColors.h */,
				DD974B3A1B9A8BCF0028E225 /* UIColor+CustomColors.m */,
				DD974B3B1B9A8BCF0028E225 /* UIView+LoadNib.h */,
				DD974B3C1B9A8BCF0028E225 /* UIView+LoadNib.m */,
				DD974B8E1B9B64D90028E225 /* UITableViewController+Additions.h */,
				DD974B8F1B9B64D90028E225 /* UITableViewController+Additions.m */,
				DD974B911B9B65250028E225 /* UIFont+LPAdditions.h */,
				DD974B921B9B65250028E225 /* UIFont+LPAdditions.m */,
			);
			path = Categories;
			sourceTree = "<group>";
		};
		DD974B411B9A91930028E225 /* frameworks */ = {
			isa = PBXGroup;
			children = (
				DD974B701B9ACBDC0028E225 /* ParseUI.framework */,
				DD974B581B9A92E30028E225 /* Bolts.framework */,
				DD974B421B9A91A70028E225 /* Parse.framework */,
			);
			path = frameworks;
			sourceTree = "<group>";
		};
		DD974B5D1B9AAB3C0028E225 /* Main Channel */ = {
			isa = PBXGroup;
			children = (
				DD974B5E1B9AAB750028E225 /* HLChannelTableViewController.h */,
				DD974B5F1B9AAB750028E225 /* HLChannelTableViewController.m */,
				DD974B871B9B59040028E225 /* Main Channel Cell */,
			);
			path = "Main Channel";
			sourceTree = "<group>";
		};
		DD974B681B9AB68C0028E225 /* Parse Cloud */ = {
			isa = PBXGroup;
			children = (
				DD974B691B9AB6C30028E225 /* ParsingHandle.h */,
				DD974B6A1B9AB6C30028E225 /* ParsingHandle.m */,
			);
			name = "Parse Cloud";
			path = "Banner/Parse Cloud";
			sourceTree = "<group>";
		};
		DD974B6C1B9AC3E00028E225 /* Models */ = {
			isa = PBXGroup;
			children = (
				DD974B6D1B9AC3FD0028E225 /* Channel.h */,
				DD974B6E1B9AC3FD0028E225 /* Channel.m */,
				DD974B811B9B2EC60028E225 /* Challenge.h */,
				DD974B821B9B2EC60028E225 /* Challenge.m */,
				DD974B8B1B9B5E1C0028E225 /* YXGenericTableViewController.h */,
				DD974B8C1B9B5E1C0028E225 /* YXGenericTableViewController.m */,
			);
			path = Models;
			sourceTree = "<group>";
		};
		DD974B721B9ACD760028E225 /* Login & Signup */ = {
			isa = PBXGroup;
			children = (
				DD974B731B9ACD760028E225 /* SCLoginViewController.h */,
				DD974B741B9ACD760028E225 /* SCLoginViewController.m */,
				DD974B751B9ACD760028E225 /* SCSignUpViewController.h */,
				DD974B761B9ACD760028E225 /* SCSignUpViewController.m */,
			);
			path = "Login & Signup";
			sourceTree = "<group>";
		};
		DD974B791B9B1D0A0028E225 /* Challenges */ = {
			isa = PBXGroup;
			children = (
				DD974B7A1B9B208B0028E225 /* HLChallengeListTableViewController.h */,
				DD974B7B1B9B208B0028E225 /* HLChallengeListTableViewController.m */,
				DD974B7D1B9B20A00028E225 /* Challenge Object Cell */,
			);
			path = Challenges;
			sourceTree = "<group>";
		};
		DD974B7D1B9B20A00028E225 /* Challenge Object Cell */ = {
			isa = PBXGroup;
			children = (
				DD974B7E1B9B20CD0028E225 /* HLChallengeTableViewCell.h */,
				DD974B7F1B9B20CD0028E225 /* HLChallengeTableViewCell.m */,
			);
			path = "Challenge Object Cell";
			sourceTree = "<group>";
		};
		DD974B871B9B59040028E225 /* Main Channel Cell */ = {
			isa = PBXGroup;
			children = (
				DD974B881B9B592E0028E225 /* HLChannelTableViewCell.h */,
				DD974B891B9B592E0028E225 /* HLChannelTableViewCell.m */,
			);
			name = "Main Channel Cell";
			path = "../Challenges/Main Channel Cell";
			sourceTree = "<group>";
		};
/* End PBXGroup section */

/* Begin PBXNativeTarget section */
		DD974AFD1B9A7D6E0028E225 /* HappyLearn */ = {
			isa = PBXNativeTarget;
			buildConfigurationList = DD974B211B9A7D6E0028E225 /* Build configuration list for PBXNativeTarget "HappyLearn" */;
			buildPhases = (
				BA39256C254949BBC4D09565 /* Check Pods Manifest.lock */,
				DD974AFA1B9A7D6E0028E225 /* Sources */,
				DD974AFB1B9A7D6E0028E225 /* Frameworks */,
				DD974AFC1B9A7D6E0028E225 /* Resources */,
				01EE942FFBDCBE0C90A18ED8 /* Copy Pods Resources */,
			);
			buildRules = (
			);
			dependencies = (
			);
			name = HappyLearn;
			productName = HappyLearn;
			productReference = DD974AFE1B9A7D6E0028E225 /* HappyLearn.app */;
			productType = "com.apple.product-type.application";
		};
		DD974B161B9A7D6E0028E225 /* HappyLearnTests */ = {
			isa = PBXNativeTarget;
			buildConfigurationList = DD974B241B9A7D6E0028E225 /* Build configuration list for PBXNativeTarget "HappyLearnTests" */;
			buildPhases = (
				DD974B131B9A7D6E0028E225 /* Sources */,
				DD974B141B9A7D6E0028E225 /* Frameworks */,
				DD974B151B9A7D6E0028E225 /* Resources */,
			);
			buildRules = (
			);
			dependencies = (
				DD974B191B9A7D6E0028E225 /* PBXTargetDependency */,
			);
			name = HappyLearnTests;
			productName = HappyLearnTests;
			productReference = DD974B171B9A7D6E0028E225 /* HappyLearnTests.xctest */;
			productType = "com.apple.product-type.bundle.unit-test";
		};
/* End PBXNativeTarget section */

/* Begin PBXProject section */
		DD974AF61B9A7D6E0028E225 /* Project object */ = {
			isa = PBXProject;
			attributes = {
				LastUpgradeCheck = 0640;
				ORGANIZATIONNAME = "Yifan Xiao";
				TargetAttributes = {
					DD974AFD1B9A7D6E0028E225 = {
						CreatedOnToolsVersion = 6.4;
					};
					DD974B161B9A7D6E0028E225 = {
						CreatedOnToolsVersion = 6.4;
						TestTargetID = DD974AFD1B9A7D6E0028E225;
					};
				};
			};
			buildConfigurationList = DD974AF91B9A7D6E0028E225 /* Build configuration list for PBXProject "HappyLearn" */;
			compatibilityVersion = "Xcode 3.2";
			developmentRegion = English;
			hasScannedForEncodings = 0;
			knownRegions = (
				en,
				Base,
			);
			mainGroup = DD974AF51B9A7D6E0028E225;
			productRefGroup = DD974AFF1B9A7D6E0028E225 /* Products */;
			projectDirPath = "";
			projectRoot = "";
			targets = (
				DD974AFD1B9A7D6E0028E225 /* HappyLearn */,
				DD974B161B9A7D6E0028E225 /* HappyLearnTests */,
			);
		};
/* End PBXProject section */

/* Begin PBXResourcesBuildPhase section */
		DD974AFC1B9A7D6E0028E225 /* Resources */ = {
			isa = PBXResourcesBuildPhase;
			buildActionMask = 2147483647;
			files = (
				DD974B0D1B9A7D6E0028E225 /* Main.storyboard in Resources */,
				DD974B121B9A7D6E0028E225 /* LaunchScreen.xib in Resources */,
				DD974B2C1B9A81710028E225 /* LPBannerView.xib in Resources */,
				DD974B0F1B9A7D6E0028E225 /* Images.xcassets in Resources */,
			);
			runOnlyForDeploymentPostprocessing = 0;
		};
		DD974B151B9A7D6E0028E225 /* Resources */ = {
			isa = PBXResourcesBuildPhase;
			buildActionMask = 2147483647;
			files = (
			);
			runOnlyForDeploymentPostprocessing = 0;
		};
/* End PBXResourcesBuildPhase section */

/* Begin PBXShellScriptBuildPhase section */
		01EE942FFBDCBE0C90A18ED8 /* Copy Pods Resources */ = {
			isa = PBXShellScriptBuildPhase;
			buildActionMask = 2147483647;
			files = (
			);
			inputPaths = (
			);
			name = "Copy Pods Resources";
			outputPaths = (
			);
			runOnlyForDeploymentPostprocessing = 0;
			shellPath = /bin/sh;
			shellScript = "\"${SRCROOT}/Pods/Target Support Files/Pods-HappyLearn/Pods-HappyLearn-resources.sh\"\n";
			showEnvVarsInLog = 0;
		};
		BA39256C254949BBC4D09565 /* Check Pods Manifest.lock */ = {
			isa = PBXShellScriptBuildPhase;
			buildActionMask = 2147483647;
			files = (
			);
			inputPaths = (
			);
			name = "Check Pods Manifest.lock";
			outputPaths = (
			);
			runOnlyForDeploymentPostprocessing = 0;
			shellPath = /bin/sh;
			shellScript = "diff \"${PODS_ROOT}/../Podfile.lock\" \"${PODS_ROOT}/Manifest.lock\" > /dev/null\nif [[ $? != 0 ]] ; then\n    cat << EOM\nerror: The sandbox is not in sync with the Podfile.lock. Run 'pod install' or update your CocoaPods installation.\nEOM\n    exit 1\nfi\n";
			showEnvVarsInLog = 0;
		};
/* End PBXShellScriptBuildPhase section */

/* Begin PBXSourcesBuildPhase section */
		DD974AFA1B9A7D6E0028E225 /* Sources */ = {
			isa = PBXSourcesBuildPhase;
			buildActionMask = 2147483647;
			files = (
				DD974B771B9ACD760028E225 /* SCLoginViewController.m in Sources */,
				DD974B3D1B9A8BCF0028E225 /* UIColor+CustomColors.m in Sources */,
				DD974B781B9ACD760028E225 /* SCSignUpViewController.m in Sources */,
				DD974B071B9A7D6E0028E225 /* AppDelegate.m in Sources */,
				DD974B7C1B9B208B0028E225 /* HLChallengeListTableViewController.m in Sources */,
				DD974B6B1B9AB6C30028E225 /* ParsingHandle.m in Sources */,
				DD974B831B9B2EC60028E225 /* Challenge.m in Sources */,
				DD974B8A1B9B592E0028E225 /* HLChannelTableViewCell.m in Sources */,
				DD974B6F1B9AC3FD0028E225 /* Channel.m in Sources */,
				DD974B2B1B9A81710028E225 /* LPBannerView.m in Sources */,
				DD974B931B9B65250028E225 /* UIFont+LPAdditions.m in Sources */,
				DD974B901B9B64D90028E225 /* UITableViewController+Additions.m in Sources */,
				DD974B3E1B9A8BCF0028E225 /* UIView+LoadNib.m in Sources */,
				DD974B361B9A8B040028E225 /* HLNetworkingManager.m in Sources */,
				DD974B041B9A7D6E0028E225 /* main.m in Sources */,
				DD974B601B9AAB750028E225 /* HLChannelTableViewController.m in Sources */,
				DD974B8D1B9B5E1C0028E225 /* YXGenericTableViewController.m in Sources */,
				DD974B801B9B20CD0028E225 /* HLChallengeTableViewCell.m in Sources */,
			);
			runOnlyForDeploymentPostprocessing = 0;
		};
		DD974B131B9A7D6E0028E225 /* Sources */ = {
			isa = PBXSourcesBuildPhase;
			buildActionMask = 2147483647;
			files = (
				DD974B1E1B9A7D6E0028E225 /* HappyLearnTests.m in Sources */,
			);
			runOnlyForDeploymentPostprocessing = 0;
		};
/* End PBXSourcesBuildPhase section */

/* Begin PBXTargetDependency section */
		DD974B191B9A7D6E0028E225 /* PBXTargetDependency */ = {
			isa = PBXTargetDependency;
			target = DD974AFD1B9A7D6E0028E225 /* HappyLearn */;
			targetProxy = DD974B181B9A7D6E0028E225 /* PBXContainerItemProxy */;
		};
/* End PBXTargetDependency section */

/* Begin PBXVariantGroup section */
		DD974B0B1B9A7D6E0028E225 /* Main.storyboard */ = {
			isa = PBXVariantGroup;
			children = (
				DD974B0C1B9A7D6E0028E225 /* Base */,
			);
			name = Main.storyboard;
			sourceTree = "<group>";
		};
		DD974B101B9A7D6E0028E225 /* LaunchScreen.xib */ = {
			isa = PBXVariantGroup;
			children = (
				DD974B111B9A7D6E0028E225 /* Base */,
			);
			name = LaunchScreen.xib;
			sourceTree = "<group>";
		};
/* End PBXVariantGroup section */

/* Begin XCBuildConfiguration section */
		DD974B1F1B9A7D6E0028E225 /* Debug */ = {
			isa = XCBuildConfiguration;
			buildSettings = {
				ALWAYS_SEARCH_USER_PATHS = NO;
				CLANG_CXX_LANGUAGE_STANDARD = "gnu++0x";
				CLANG_CXX_LIBRARY = "libc++";
				CLANG_ENABLE_MODULES = YES;
				CLANG_ENABLE_OBJC_ARC = YES;
				CLANG_WARN_BOOL_CONVERSION = YES;
				CLANG_WARN_CONSTANT_CONVERSION = YES;
				CLANG_WARN_DIRECT_OBJC_ISA_USAGE = YES_ERROR;
				CLANG_WARN_EMPTY_BODY = YES;
				CLANG_WARN_ENUM_CONVERSION = YES;
				CLANG_WARN_INT_CONVERSION = YES;
				CLANG_WARN_OBJC_ROOT_CLASS = YES_ERROR;
				CLANG_WARN_UNREACHABLE_CODE = YES;
				CLANG_WARN__DUPLICATE_METHOD_MATCH = YES;
				"CODE_SIGN_IDENTITY[sdk=iphoneos*]" = "iPhone Developer";
				COPY_PHASE_STRIP = NO;
				DEBUG_INFORMATION_FORMAT = "dwarf-with-dsym";
				ENABLE_STRICT_OBJC_MSGSEND = YES;
				GCC_C_LANGUAGE_STANDARD = gnu99;
				GCC_DYNAMIC_NO_PIC = NO;
				GCC_NO_COMMON_BLOCKS = YES;
				GCC_OPTIMIZATION_LEVEL = 0;
				GCC_PREPROCESSOR_DEFINITIONS = (
					"DEBUG=1",
					"$(inherited)",
				);
				GCC_SYMBOLS_PRIVATE_EXTERN = NO;
				GCC_WARN_64_TO_32_BIT_CONVERSION = YES;
				GCC_WARN_ABOUT_RETURN_TYPE = YES_ERROR;
				GCC_WARN_UNDECLARED_SELECTOR = YES;
				GCC_WARN_UNINITIALIZED_AUTOS = YES_AGGRESSIVE;
				GCC_WARN_UNUSED_FUNCTION = YES;
				GCC_WARN_UNUSED_VARIABLE = YES;
				IPHONEOS_DEPLOYMENT_TARGET = 8.4;
				MTL_ENABLE_DEBUG_INFO = YES;
				ONLY_ACTIVE_ARCH = YES;
				SDKROOT = iphoneos;
				TARGETED_DEVICE_FAMILY = "1,2";
			};
			name = Debug;
		};
		DD974B201B9A7D6E0028E225 /* Release */ = {
			isa = XCBuildConfiguration;
			buildSettings = {
				ALWAYS_SEARCH_USER_PATHS = NO;
				CLANG_CXX_LANGUAGE_STANDARD = "gnu++0x";
				CLANG_CXX_LIBRARY = "libc++";
				CLANG_ENABLE_MODULES = YES;
				CLANG_ENABLE_OBJC_ARC = YES;
				CLANG_WARN_BOOL_CONVERSION = YES;
				CLANG_WARN_CONSTANT_CONVERSION = YES;
				CLANG_WARN_DIRECT_OBJC_ISA_USAGE = YES_ERROR;
				CLANG_WARN_EMPTY_BODY = YES;
				CLANG_WARN_ENUM_CONVERSION = YES;
				CLANG_WARN_INT_CONVERSION = YES;
				CLANG_WARN_OBJC_ROOT_CLASS = YES_ERROR;
				CLANG_WARN_UNREACHABLE_CODE = YES;
				CLANG_WARN__DUPLICATE_METHOD_MATCH = YES;
				"CODE_SIGN_IDENTITY[sdk=iphoneos*]" = "iPhone Developer";
				COPY_PHASE_STRIP = NO;
				DEBUG_INFORMATION_FORMAT = "dwarf-with-dsym";
				ENABLE_NS_ASSERTIONS = NO;
				ENABLE_STRICT_OBJC_MSGSEND = YES;
				GCC_C_LANGUAGE_STANDARD = gnu99;
				GCC_NO_COMMON_BLOCKS = YES;
				GCC_WARN_64_TO_32_BIT_CONVERSION = YES;
				GCC_WARN_ABOUT_RETURN_TYPE = YES_ERROR;
				GCC_WARN_UNDECLARED_SELECTOR = YES;
				GCC_WARN_UNINITIALIZED_AUTOS = YES_AGGRESSIVE;
				GCC_WARN_UNUSED_FUNCTION = YES;
				GCC_WARN_UNUSED_VARIABLE = YES;
				IPHONEOS_DEPLOYMENT_TARGET = 8.4;
				MTL_ENABLE_DEBUG_INFO = NO;
				SDKROOT = iphoneos;
				TARGETED_DEVICE_FAMILY = "1,2";
				VALIDATE_PRODUCT = YES;
			};
			name = Release;
		};
		DD974B221B9A7D6E0028E225 /* Debug */ = {
			isa = XCBuildConfiguration;
			baseConfigurationReference = 21C998057B4BE6BE221F15C4 /* Pods-HappyLearn.debug.xcconfig */;
			buildSettings = {
				ASSETCATALOG_COMPILER_APPICON_NAME = AppIcon;
				FRAMEWORK_SEARCH_PATHS = (
					"$(inherited)",
					"$(PROJECT_DIR)/HappyLearn/frameworks",
				);
				GCC_PRECOMPILE_PREFIX_HEADER = YES;
				GCC_PREFIX_HEADER = HappyLearn/HLPrefixHeader.pch;
				INFOPLIST_FILE = HappyLearn/Info.plist;
				LD_RUNPATH_SEARCH_PATHS = "$(inherited) @executable_path/Frameworks";
				PRODUCT_NAME = "$(TARGET_NAME)";
			};
			name = Debug;
		};
		DD974B231B9A7D6E0028E225 /* Release */ = {
			isa = XCBuildConfiguration;
			baseConfigurationReference = 11D098C8E6003DE060A1358F /* Pods-HappyLearn.release.xcconfig */;
			buildSettings = {
				ASSETCATALOG_COMPILER_APPICON_NAME = AppIcon;
				FRAMEWORK_SEARCH_PATHS = (
					"$(inherited)",
					"$(PROJECT_DIR)/HappyLearn/frameworks",
				);
				GCC_PRECOMPILE_PREFIX_HEADER = YES;
				GCC_PREFIX_HEADER = HappyLearn/HLPrefixHeader.pch;
				INFOPLIST_FILE = HappyLearn/Info.plist;
				LD_RUNPATH_SEARCH_PATHS = "$(inherited) @executable_path/Frameworks";
				PRODUCT_NAME = "$(TARGET_NAME)";
			};
			name = Release;
		};
		DD974B251B9A7D6E0028E225 /* Debug */ = {
			isa = XCBuildConfiguration;
			buildSettings = {
				BUNDLE_LOADER = "$(TEST_HOST)";
				FRAMEWORK_SEARCH_PATHS = (
					"$(SDKROOT)/Developer/Library/Frameworks",
					"$(inherited)",
				);
				GCC_PREPROCESSOR_DEFINITIONS = (
					"DEBUG=1",
					"$(inherited)",
				);
				INFOPLIST_FILE = HappyLearnTests/Info.plist;
				LD_RUNPATH_SEARCH_PATHS = "$(inherited) @executable_path/Frameworks @loader_path/Frameworks";
				PRODUCT_NAME = "$(TARGET_NAME)";
				TEST_HOST = "$(BUILT_PRODUCTS_DIR)/HappyLearn.app/HappyLearn";
			};
			name = Debug;
		};
		DD974B261B9A7D6E0028E225 /* Release */ = {
			isa = XCBuildConfiguration;
			buildSettings = {
				BUNDLE_LOADER = "$(TEST_HOST)";
				FRAMEWORK_SEARCH_PATHS = (
					"$(SDKROOT)/Developer/Library/Frameworks",
					"$(inherited)",
				);
				INFOPLIST_FILE = HappyLearnTests/Info.plist;
				LD_RUNPATH_SEARCH_PATHS = "$(inherited) @executable_path/Frameworks @loader_path/Frameworks";
				PRODUCT_NAME = "$(TARGET_NAME)";
				TEST_HOST = "$(BUILT_PRODUCTS_DIR)/HappyLearn.app/HappyLearn";
			};
			name = Release;
		};
/* End XCBuildConfiguration section */

/* Begin XCConfigurationList section */
		DD974AF91B9A7D6E0028E225 /* Build configuration list for PBXProject "HappyLearn" */ = {
			isa = XCConfigurationList;
			buildConfigurations = (
				DD974B1F1B9A7D6E0028E225 /* Debug */,
				DD974B201B9A7D6E0028E225 /* Release */,
			);
			defaultConfigurationIsVisible = 0;
			defaultConfigurationName = Release;
		};
		DD974B211B9A7D6E0028E225 /* Build configuration list for PBXNativeTarget "HappyLearn" */ = {
			isa = XCConfigurationList;
			buildConfigurations = (
				DD974B221B9A7D6E0028E225 /* Debug */,
				DD974B231B9A7D6E0028E225 /* Release */,
			);
			defaultConfigurationIsVisible = 0;
			defaultConfigurationName = Release;
		};
		DD974B241B9A7D6E0028E225 /* Build configuration list for PBXNativeTarget "HappyLearnTests" */ = {
			isa = XCConfigurationList;
			buildConfigurations = (
				DD974B251B9A7D6E0028E225 /* Debug */,
				DD974B261B9A7D6E0028E225 /* Release */,
			);
			defaultConfigurationIsVisible = 0;
			defaultConfigurationName = Release;
		};
/* End XCConfigurationList section */
	};
	rootObject = DD974AF61B9A7D6E0028E225 /* Project object */;
}
